<?xml version="1.0" encoding="utf-8"?>
<Project ToolsVersion="4.0" xmlns="http://schemas.microsoft.com/developer/msbuild/2003">
  <ItemGroup>
    <Filter Include="Source Files">
      <UniqueIdentifier>{4FC737F1-C7A5-4376-A066-2A32D752A2FF}</UniqueIdentifier>
      <Extensions>cpp;c;cc;cxx;def;odl;idl;hpj;bat;asm;asmx</Extensions>
    </Filter>
    <Filter Include="Header Files">
      <UniqueIdentifier>{93995380-89BD-4b04-88EB-625FBE52EBFB}</UniqueIdentifier>
      <Extensions>h;hh;hpp;hxx;hm;inl;inc;xsd</Extensions>
    </Filter>
    <Filter Include="Resource Files">
      <UniqueIdentifier>{67DA6AB6-F800-4c08-8B7A-83BB121AAD01}</UniqueIdentifier>
      <Extensions>rc;ico;cur;bmp;dlg;rc2;rct;bin;rgs;gif;jpg;jpeg;jpe;resx;tiff;tif;png;wav;mfcribbon-ms</Extensions>
    </Filter>
  </ItemGroup>
  <ItemGroup>
    <ClInclude Include="Source Code\Aurora\Engine\CommonCalculations\EngineCommonCalculations.h">
      <Filter>Header Files</Filter>
    </ClInclude>
    <ClInclude Include="Source Code\Aurora\Engine\EngineOperations.h">
      <Filter>Header Files</Filter>
    </ClInclude>
    <ClInclude Include="Source Code\Aurora\Errors\ErrorMessages.h">
      <Filter>Header Files</Filter>
    </ClInclude>
    <ClInclude Include="Source Code\Aurora\Errors\ErrorOperations.h">
      <Filter>Header Files</Filter>
    </ClInclude>
    <ClInclude Include="Source Code\Aurora\Globals\Constants.h">
      <Filter>Header Files</Filter>
    </ClInclude>
    <ClInclude Include="Source Code\Aurora\Globals\GlobalDatatypes.h">
      <Filter>Header Files</Filter>
    </ClInclude>
    <ClInclude Include="Source Code\Aurora\Globals\GlobalOperations.h">
      <Filter>Header Files</Filter>
    </ClInclude>
    <ClInclude Include="Source Code\Aurora\Math\MathOperations.h">
      <Filter>Header Files</Filter>
    </ClInclude>
    <ClInclude Include="Source Code\Aurora\Models\ModelDefines.h">
      <Filter>Header Files</Filter>
    </ClInclude>
    <ClInclude Include="Source Code\Aurora\Models\ModelLoad.h">
      <Filter>Header Files</Filter>
    </ClInclude>
    <ClInclude Include="Source Code\Aurora\Models\Transformations.h">
      <Filter>Header Files</Filter>
    </ClInclude>
    <ClInclude Include="Source Code\Aurora\Physics\AccessPoints\iPhysicsAccessPoint.h">
      <Filter>Header Files</Filter>
    </ClInclude>
    <ClInclude Include="Source Code\Aurora\Physics\BaseClasses\CalculationsBase.h">
      <Filter>Header Files</Filter>
    </ClInclude>
    <ClInclude Include="Source Code\Aurora\Physics\BaseClasses\ForceBase.h">
      <Filter>Header Files</Filter>
    </ClInclude>
    <ClInclude Include="Source Code\Aurora\Physics\BaseClasses\IPhysicsObjectBase.h">
      <Filter>Header Files</Filter>
    </ClInclude>
    <ClInclude Include="Source Code\Aurora\Physics\BaseClasses\PhysicsBase.h">
      <Filter>Header Files</Filter>
    </ClInclude>
    <ClInclude Include="Source Code\Aurora\Physics\Common\CommonCalculations.h">
      <Filter>Header Files</Filter>
    </ClInclude>
    <ClInclude Include="Source Code\Aurora\Physics\Common\FrictionCalculations.h">
      <Filter>Header Files</Filter>
    </ClInclude>
    <ClInclude Include="Source Code\Aurora\Physics\Common\PhysicsConstants.h">
      <Filter>Header Files</Filter>
    </ClInclude>
    <ClInclude Include="Source Code\Aurora\Physics\Implementations\Force.h">
      <Filter>Header Files</Filter>
    </ClInclude>
    <ClInclude Include="Source Code\Aurora\Physics\Implementations\PhysicsCalculator.h">
      <Filter>Header Files</Filter>
    </ClInclude>
    <ClInclude Include="Source Code\Aurora\Physics\Implementors\IPhysicsImplementor.h">
      <Filter>Header Files</Filter>
    </ClInclude>
    <ClInclude Include="Source Code\Aurora\Physics\Representations\IPhysicsForceRepresentationBase.h">
      <Filter>Header Files</Filter>
    </ClInclude>
    <ClInclude Include="Source Code\Aurora\Physics\Representations\IPhysicsRepresentationBase.h">
      <Filter>Header Files</Filter>
    </ClInclude>
    <ClInclude Include="Source Code\Aurora\Physics\Representations\Liquid.h">
      <Filter>Header Files</Filter>
    </ClInclude>
    <ClInclude Include="Source Code\Aurora\Physics\PhysicsOperations.h">
      <Filter>Header Files</Filter>
    </ClInclude>
    <ClInclude Include="Source Code\Aurora\Random\BaseClasses\ObjectBase.h">
      <Filter>Header Files</Filter>
    </ClInclude>
    <ClInclude Include="Source Code\Aurora\Random\BaseClasses\RandomBase.h">
      <Filter>Header Files</Filter>
    </ClInclude>
    <ClInclude Include="Source Code\Aurora\Random\Implementations\Mover.h">
      <Filter>Header Files</Filter>
    </ClInclude>
    <ClInclude Include="Source Code\Aurora\Random\Implementations\Oscillator.h">
      <Filter>Header Files</Filter>
    </ClInclude>
    <ClInclude Include="Source Code\Aurora\Random\Implementations\Walker.h">
      <Filter>Header Files</Filter>
    </ClInclude>
    <ClInclude Include="Source Code\Aurora\Random\CommonTools.h">
      <Filter>Header Files</Filter>
    </ClInclude>
    <ClInclude Include="Source Code\Aurora\Random\RandomOperations.h">
      <Filter>Header Files</Filter>
    </ClInclude>
    <ClInclude Include="Source Code\Aurora\Aurora.h">
      <Filter>Header Files</Filter>
    </ClInclude>
    <ClInclude Include="Source Code\Perlin Noise\noise\src\model\cylinder.h">
      <Filter>Header Files</Filter>
    </ClInclude>
    <ClInclude Include="Source Code\Perlin Noise\noise\src\model\line.h">
      <Filter>Header Files</Filter>
    </ClInclude>
    <ClInclude Include="Source Code\Perlin Noise\noise\src\model\model.h">
      <Filter>Header Files</Filter>
    </ClInclude>
    <ClInclude Include="Source Code\Perlin Noise\noise\src\model\plane.h">
      <Filter>Header Files</Filter>
    </ClInclude>
    <ClInclude Include="Source Code\Perlin Noise\noise\src\model\sphere.h">
      <Filter>Header Files</Filter>
    </ClInclude>
    <ClInclude Include="Source Code\Perlin Noise\noise\src\module\abs.h">
      <Filter>Header Files</Filter>
    </ClInclude>
    <ClInclude Include="Source Code\Perlin Noise\noise\src\module\add.h">
      <Filter>Header Files</Filter>
    </ClInclude>
    <ClInclude Include="Source Code\Perlin Noise\noise\src\module\billow.h">
      <Filter>Header Files</Filter>
    </ClInclude>
    <ClInclude Include="Source Code\Perlin Noise\noise\src\module\blend.h">
      <Filter>Header Files</Filter>
    </ClInclude>
    <ClInclude Include="Source Code\Perlin Noise\noise\src\module\cache.h">
      <Filter>Header Files</Filter>
    </ClInclude>
    <ClInclude Include="Source Code\Perlin Noise\noise\src\module\checkerboard.h">
      <Filter>Header Files</Filter>
    </ClInclude>
    <ClInclude Include="Source Code\Perlin Noise\noise\src\module\clamp.h">
      <Filter>Header Files</Filter>
    </ClInclude>
    <ClInclude Include="Source Code\Perlin Noise\noise\src\module\const.h">
      <Filter>Header Files</Filter>
    </ClInclude>
    <ClInclude Include="Source Code\Perlin Noise\noise\src\module\curve.h">
      <Filter>Header Files</Filter>
    </ClInclude>
    <ClInclude Include="Source Code\Perlin Noise\noise\src\module\cylinders.h">
      <Filter>Header Files</Filter>
    </ClInclude>
    <ClInclude Include="Source Code\Perlin Noise\noise\src\module\displace.h">
      <Filter>Header Files</Filter>
    </ClInclude>
    <ClInclude Include="Source Code\Perlin Noise\noise\src\module\exponent.h">
      <Filter>Header Files</Filter>
    </ClInclude>
    <ClInclude Include="Source Code\Perlin Noise\noise\src\module\invert.h">
      <Filter>Header Files</Filter>
    </ClInclude>
    <ClInclude Include="Source Code\Perlin Noise\noise\src\module\max.h">
      <Filter>Header Files</Filter>
    </ClInclude>
    <ClInclude Include="Source Code\Perlin Noise\noise\src\module\min.h">
      <Filter>Header Files</Filter>
    </ClInclude>
    <ClInclude Include="Source Code\Perlin Noise\noise\src\module\module.h">
      <Filter>Header Files</Filter>
    </ClInclude>
    <ClInclude Include="Source Code\Perlin Noise\noise\src\module\modulebase.h">
      <Filter>Header Files</Filter>
    </ClInclude>
    <ClInclude Include="Source Code\Perlin Noise\noise\src\module\multiply.h">
      <Filter>Header Files</Filter>
    </ClInclude>
    <ClInclude Include="Source Code\Perlin Noise\noise\src\module\perlin.h">
      <Filter>Header Files</Filter>
    </ClInclude>
    <ClInclude Include="Source Code\Perlin Noise\noise\src\module\power.h">
      <Filter>Header Files</Filter>
    </ClInclude>
    <ClInclude Include="Source Code\Perlin Noise\noise\src\module\ridgedmulti.h">
      <Filter>Header Files</Filter>
    </ClInclude>
    <ClInclude Include="Source Code\Perlin Noise\noise\src\module\rotatepoint.h">
      <Filter>Header Files</Filter>
    </ClInclude>
    <ClInclude Include="Source Code\Perlin Noise\noise\src\module\scalebias.h">
      <Filter>Header Files</Filter>
    </ClInclude>
    <ClInclude Include="Source Code\Perlin Noise\noise\src\module\scalepoint.h">
      <Filter>Header Files</Filter>
    </ClInclude>
    <ClInclude Include="Source Code\Perlin Noise\noise\src\module\select.h">
      <Filter>Header Files</Filter>
    </ClInclude>
    <ClInclude Include="Source Code\Perlin Noise\noise\src\module\spheres.h">
      <Filter>Header Files</Filter>
    </ClInclude>
    <ClInclude Include="Source Code\Perlin Noise\noise\src\module\terrace.h">
      <Filter>Header Files</Filter>
    </ClInclude>
    <ClInclude Include="Source Code\Perlin Noise\noise\src\module\translatepoint.h">
      <Filter>Header Files</Filter>
    </ClInclude>
    <ClInclude Include="Source Code\Perlin Noise\noise\src\module\turbulence.h">
      <Filter>Header Files</Filter>
    </ClInclude>
    <ClInclude Include="Source Code\Perlin Noise\noise\src\module\voronoi.h">
      <Filter>Header Files</Filter>
    </ClInclude>
    <ClInclude Include="Source Code\Perlin Noise\noise\src\win32\resource.h">
      <Filter>Header Files</Filter>
    </ClInclude>
    <ClInclude Include="Source Code\Perlin Noise\noise\src\basictypes.h">
      <Filter>Header Files</Filter>
    </ClInclude>
    <ClInclude Include="Source Code\Perlin Noise\noise\src\exception.h">
      <Filter>Header Files</Filter>
    </ClInclude>
    <ClInclude Include="Source Code\Perlin Noise\noise\src\interp.h">
      <Filter>Header Files</Filter>
    </ClInclude>
    <ClInclude Include="Source Code\Perlin Noise\noise\src\latlon.h">
      <Filter>Header Files</Filter>
    </ClInclude>
    <ClInclude Include="Source Code\Perlin Noise\noise\src\mathconsts.h">
      <Filter>Header Files</Filter>
    </ClInclude>
    <ClInclude Include="Source Code\Perlin Noise\noise\src\misc.h">
      <Filter>Header Files</Filter>
    </ClInclude>
    <ClInclude Include="Source Code\Perlin Noise\noise\src\noise.h">
      <Filter>Header Files</Filter>
    </ClInclude>
    <ClInclude Include="Source Code\Perlin Noise\noise\src\noisegen.h">
      <Filter>Header Files</Filter>
    </ClInclude>
    <ClInclude Include="Source Code\Perlin Noise\noise\src\vectortable.h">
      <Filter>Header Files</Filter>
    </ClInclude>
    <ClInclude Include="Libraries\Includes\GL\glew.h">
      <Filter>Header Files</Filter>
    </ClInclude>
    <ClInclude Include="Libraries\Includes\GL\glxew.h">
      <Filter>Header Files</Filter>
    </ClInclude>
    <ClInclude Include="Libraries\Includes\GL\wglew.h">
      <Filter>Header Files</Filter>
    </ClInclude>
    <ClInclude Include="Libraries\Includes\GLFW\glfw3.h">
      <Filter>Header Files</Filter>
    </ClInclude>
    <ClInclude Include="Libraries\Includes\GLFW\glfw3native.h">
      <Filter>Header Files</Filter>
    </ClInclude>
    <ClInclude Include="Source Code\Aurora\Math\Globe\Geodetic2D.h">
      <Filter>Header Files</Filter>
    </ClInclude>
    <ClInclude Include="Source Code\Aurora\Math\Globe\Geodetic3D.h">
      <Filter>Header Files</Filter>
    </ClInclude>
    <ClInclude Include="Source Code\Aurora\Math\Globe\GlobeOperations.h">
      <Filter>Header Files</Filter>
    </ClInclude>
    <ClInclude Include="Source Code\Aurora\Math\Globe\Trig.h">
      <Filter>Header Files</Filter>
    </ClInclude>
    <ClInclude Include="Libraries\Includes\half.hpp">
      <Filter>Header Files</Filter>
    </ClInclude>
    <ClInclude Include="Source Code\Aurora\Math\Globe\GeodeticExtent.h">
      <Filter>Header Files</Filter>
    </ClInclude>
    <ClInclude Include="Source Code\Aurora\Math\Geometry\Ellipsoid.h">
      <Filter>Header Files</Filter>
    </ClInclude>
    <ClInclude Include="Source Code\Aurora\Math\Geometry\GeometryOperations.h">
      <Filter>Header Files</Filter>
    </ClInclude>
    <ClInclude Include="Source Code\Aurora\Renderer\RendererOperations.h">
      <Filter>Header Files</Filter>
    </ClInclude>
    <ClInclude Include="Source Code\Aurora\Renderer\Device.h">
      <Filter>Header Files</Filter>
    </ClInclude>
    <ClInclude Include="Source Code\Aurora\Renderer\Context.h">
      <Filter>Header Files</Filter>
    </ClInclude>
    <ClInclude Include="Source Code\Aurora\Renderer\GraphicsWindow.h">
      <Filter>Header Files</Filter>
    </ClInclude>
    <ClInclude Include="Source Code\Aurora\Renderer\Input\Mouse.h">
      <Filter>Header Files</Filter>
    </ClInclude>
    <ClInclude Include="Source Code\Aurora\Renderer\Input\Keyboard.h">
      <Filter>Header Files</Filter>
    </ClInclude>
    <ClInclude Include="Source Code\Aurora\Renderer\Input\InputOperations.h">
      <Filter>Header Files</Filter>
    </ClInclude>
    <ClInclude Include="Source Code\Aurora\Renderer\Input\KeyboardKey.h">
      <Filter>Header Files</Filter>
    </ClInclude>
    <ClInclude Include="Source Code\Aurora\Renderer\Input\KeyboardKeyEvent.h">
      <Filter>Header Files</Filter>
    </ClInclude>
    <ClInclude Include="Source Code\Aurora\Renderer\Input\KeyboardKeyEventArgs.h">
      <Filter>Header Files</Filter>
    </ClInclude>
    <ClInclude Include="Source Code\Aurora\Renderer\Input\MouseMoveEventArgs.h">
      <Filter>Header Files</Filter>
    </ClInclude>
    <ClInclude Include="Source Code\Aurora\Renderer\Input\MouseButtonEventArgs.h">
      <Filter>Header Files</Filter>
    </ClInclude>
    <ClInclude Include="Source Code\Aurora\Renderer\Input\MouseButtonEvent.h">
      <Filter>Header Files</Filter>
    </ClInclude>
    <ClInclude Include="Source Code\Aurora\Renderer\Input\MouseButton.h">
      <Filter>Header Files</Filter>
    </ClInclude>
    <ClInclude Include="Source Code\Aurora\Renderer\RenderState\Blending.h">
      <Filter>Header Files</Filter>
    </ClInclude>
    <ClInclude Include="Source Code\Aurora\Renderer\RenderState\ColorMask.h">
      <Filter>Header Files</Filter>
    </ClInclude>
    <ClInclude Include="Source Code\Aurora\Renderer\RenderState\DepthRange.h">
      <Filter>Header Files</Filter>
    </ClInclude>
    <ClInclude Include="Source Code\Aurora\Renderer\RenderState\DepthTest.h">
      <Filter>Header Files</Filter>
    </ClInclude>
    <ClInclude Include="Source Code\Aurora\Renderer\RenderState\FacetCulling.h">
      <Filter>Header Files</Filter>
    </ClInclude>
    <ClInclude Include="Source Code\Aurora\Renderer\RenderState\PrimitiveRestart.h">
      <Filter>Header Files</Filter>
    </ClInclude>
    <ClInclude Include="Source Code\Aurora\Renderer\RenderState\RenderState.h">
      <Filter>Header Files</Filter>
    </ClInclude>
    <ClInclude Include="Source Code\Aurora\Renderer\RenderState\ScissorTest.h">
      <Filter>Header Files</Filter>
    </ClInclude>
    <ClInclude Include="Source Code\Aurora\Renderer\RenderState\StencilTest.h">
      <Filter>Header Files</Filter>
    </ClInclude>
    <ClInclude Include="Source Code\Aurora\Renderer\RenderState\StencilTestFace.h">
      <Filter>Header Files</Filter>
    </ClInclude>
    <ClInclude Include="Source Code\Aurora\Renderer\RenderState\RenderStateOperations.h">
      <Filter>Header Files</Filter>
    </ClInclude>
    <ClInclude Include="Source Code\Aurora\Math\Geometry\Mesh.h">
      <Filter>Header Files</Filter>
    </ClInclude>
    <ClInclude Include="Source Code\Aurora\Renderer\VertexArray\VertexArrayOperations.h">
      <Filter>Header Files</Filter>
    </ClInclude>
    <ClInclude Include="Source Code\Aurora\Renderer\Buffers\BuffersOperations.h">
      <Filter>Header Files</Filter>
    </ClInclude>
    <ClInclude Include="Source Code\Aurora\Renderer\Buffers\BufferHint.h">
      <Filter>Header Files</Filter>
    </ClInclude>
    <ClInclude Include="Source Code\Aurora\Renderer\Buffers\IndexBuffer.h">
      <Filter>Header Files</Filter>
    </ClInclude>
    <ClInclude Include="Source Code\Aurora\Renderer\Buffers\PixelBufferHint.h">
      <Filter>Header Files</Filter>
    </ClInclude>
    <ClInclude Include="Source Code\Aurora\Renderer\Buffers\ReadPixelBuffer.h">
      <Filter>Header Files</Filter>
    </ClInclude>
    <ClInclude Include="Source Code\Aurora\Renderer\Buffers\UniformBuffer.h">
      <Filter>Header Files</Filter>
    </ClInclude>
    <ClInclude Include="Source Code\Aurora\Renderer\Buffers\VertexBuffer.h">
      <Filter>Header Files</Filter>
    </ClInclude>
    <ClInclude Include="Source Code\Aurora\Renderer\Buffers\WritePixelBuffer.h">
      <Filter>Header Files</Filter>
    </ClInclude>
    <ClInclude Include="Source Code\Aurora\IO\IOOperations.h">
      <Filter>Header Files</Filter>
    </ClInclude>
    <ClInclude Include="Source Code\Aurora\IO\Bitmap.h">
      <Filter>Header Files</Filter>
    </ClInclude>
    <ClInclude Include="Source Code\Aurora\Renderer\VertexArray\ComponentDatatype.h">
      <Filter>Header Files</Filter>
    </ClInclude>
    <ClInclude Include="Source Code\Aurora\Renderer\VertexArray\VertexArray.h">
      <Filter>Header Files</Filter>
    </ClInclude>
    <ClInclude Include="Source Code\Aurora\Renderer\VertexArray\VertexBufferAttribute.h">
      <Filter>Header Files</Filter>
    </ClInclude>
    <ClInclude Include="Source Code\Aurora\Renderer\VertexArray\VertexBufferAttributes.h">
      <Filter>Header Files</Filter>
    </ClInclude>
    <ClInclude Include="Source Code\Aurora\Renderer\VertexArray\VertexLocations.h">
      <Filter>Header Files</Filter>
    </ClInclude>
    <ClInclude Include="Source Code\Aurora\Renderer\ShaderVertexAttributeCollection.h">
      <Filter>Header Files</Filter>
    </ClInclude>
    <ClInclude Include="Source Code\Aurora\Renderer\Shaders\ShadersOperations.h">
      <Filter>Header Files</Filter>
    </ClInclude>
    <ClInclude Include="Source Code\Aurora\Renderer\Shaders\FragmentOutputs.h">
      <Filter>Header Files</Filter>
    </ClInclude>
    <ClInclude Include="Source Code\Aurora\Renderer\Shaders\ShaderProgram.h">
      <Filter>Header Files</Filter>
    </ClInclude>
    <ClInclude Include="Source Code\Aurora\Renderer\Shaders\ShaderVertexAttribute.h">
      <Filter>Header Files</Filter>
    </ClInclude>
    <ClInclude Include="Source Code\Aurora\Renderer\Shaders\Uniform.h">
      <Filter>Header Files</Filter>
    </ClInclude>
    <ClInclude Include="Source Code\Aurora\Renderer\Shaders\UniformBlock.h">
      <Filter>Header Files</Filter>
    </ClInclude>
    <ClInclude Include="Source Code\Aurora\Renderer\Shaders\UniformBlockArrayMember.h">
      <Filter>Header Files</Filter>
    </ClInclude>
    <ClInclude Include="Source Code\Aurora\Renderer\Shaders\UniformBlockCollection.h">
      <Filter>Header Files</Filter>
    </ClInclude>
    <ClInclude Include="Source Code\Aurora\Renderer\Shaders\UniformBlockMatrixArrayMember.h">
      <Filter>Header Files</Filter>
    </ClInclude>
    <ClInclude Include="Source Code\Aurora\Renderer\Shaders\UniformBlockMatrixMember.h">
      <Filter>Header Files</Filter>
    </ClInclude>
    <ClInclude Include="Source Code\Aurora\Renderer\Shaders\UniformBlockMember.h">
      <Filter>Header Files</Filter>
    </ClInclude>
    <ClInclude Include="Source Code\Aurora\Renderer\Shaders\UniformBlockMemberCollection.h">
      <Filter>Header Files</Filter>
    </ClInclude>
    <ClInclude Include="Source Code\Aurora\Renderer\Shaders\UniformCollection.h">
      <Filter>Header Files</Filter>
    </ClInclude>
    <ClInclude Include="Source Code\Aurora\Math\Geometry\VertexAttributes\VertexAttributesOperations.h">
      <Filter>Header Files</Filter>
    </ClInclude>
    <ClInclude Include="Source Code\Aurora\Math\Geometry\VertexAttributes\VertexAttribute.h">
      <Filter>Header Files</Filter>
    </ClInclude>
    <ClInclude Include="Source Code\Aurora\Math\Geometry\VertexAttributes\VertexAttributeByte.h">
      <Filter>Header Files</Filter>
    </ClInclude>
    <ClInclude Include="Source Code\Aurora\Math\Geometry\VertexAttributes\VertexAttributeCollection.h">
      <Filter>Header Files</Filter>
    </ClInclude>
    <ClInclude Include="Source Code\Aurora\Math\Geometry\VertexAttributes\VertexAttributeDoubleVector3.h">
      <Filter>Header Files</Filter>
    </ClInclude>
    <ClInclude Include="Source Code\Aurora\Math\Geometry\VertexAttributes\VertexAttributeFloat.h">
      <Filter>Header Files</Filter>
    </ClInclude>
    <ClInclude Include="Source Code\Aurora\Math\Geometry\VertexAttributes\VertexAttributeFloatVector2.h">
      <Filter>Header Files</Filter>
    </ClInclude>
    <ClInclude Include="Source Code\Aurora\Math\Geometry\VertexAttributes\VertexAttributeFloatVector3.h">
      <Filter>Header Files</Filter>
    </ClInclude>
    <ClInclude Include="Source Code\Aurora\Math\Geometry\VertexAttributes\VertexAttributeFloatVector4.h">
      <Filter>Header Files</Filter>
    </ClInclude>
    <ClInclude Include="Source Code\Aurora\Math\Geometry\VertexAttributes\VertexAttributeHalfFloat.h">
      <Filter>Header Files</Filter>
    </ClInclude>
    <ClInclude Include="Source Code\Aurora\Math\Geometry\VertexAttributes\VertexAttributeHalfFloatVector2.h">
      <Filter>Header Files</Filter>
    </ClInclude>
    <ClInclude Include="Source Code\Aurora\Math\Geometry\VertexAttributes\VertexAttributeHalfFloatVector3.h">
      <Filter>Header Files</Filter>
    </ClInclude>
    <ClInclude Include="Source Code\Aurora\Math\Geometry\VertexAttributes\VertexAttributeHalfFloatVector4.h">
      <Filter>Header Files</Filter>
    </ClInclude>
    <ClInclude Include="Source Code\Aurora\Math\Geometry\VertexAttributes\VertexAttributeRGB.h">
      <Filter>Header Files</Filter>
    </ClInclude>
    <ClInclude Include="Source Code\Aurora\Math\Geometry\VertexAttributes\VertexAttributeRGBA.h">
      <Filter>Header Files</Filter>
    </ClInclude>
    <ClInclude Include="Source Code\Aurora\Math\Geometry\VertexAttributes\VertexAttributeType.h">
      <Filter>Header Files</Filter>
    </ClInclude>
    <ClInclude Include="Source Code\Aurora\Math\Geometry\Indices\IndicesOperations.h">
      <Filter>Header Files</Filter>
    </ClInclude>
    <ClInclude Include="Source Code\Aurora\Math\Geometry\Indices\IndicesBase.h">
      <Filter>Header Files</Filter>
    </ClInclude>
    <ClInclude Include="Source Code\Aurora\Math\Geometry\Indices\IndicesType.h">
      <Filter>Header Files</Filter>
    </ClInclude>
    <ClInclude Include="Source Code\Aurora\Math\Geometry\Indices\IndicesUnsignedInt.h">
      <Filter>Header Files</Filter>
    </ClInclude>
    <ClInclude Include="Source Code\Aurora\Math\Geometry\Indices\IndicesUnsignedShort.h">
      <Filter>Header Files</Filter>
    </ClInclude>
    <ClInclude Include="Source Code\Aurora\Math\Geometry\Indices\TriangleIndicesUnsignedInt.h">
      <Filter>Header Files</Filter>
    </ClInclude>
    <ClInclude Include="Source Code\Aurora\Math\Geometry\Indices\TriangleIndicesUnsignedShort.h">
      <Filter>Header Files</Filter>
    </ClInclude>
    <ClInclude Include="Source Code\Aurora\Math\Geometry\Edge.h">
      <Filter>Header Files</Filter>
    </ClInclude>
    <ClInclude Include="Source Code\Aurora\Math\Geometry\EllipsoidTangentPlane.h">
      <Filter>Header Files</Filter>
    </ClInclude>
    <ClInclude Include="Source Code\Aurora\Math\Vectors\Vector2D.h">
      <Filter>Header Files</Filter>
    </ClInclude>
    <ClInclude Include="Source Code\Aurora\Math\Vectors\Vector3D.h">
      <Filter>Header Files</Filter>
    </ClInclude>
    <ClInclude Include="Source Code\Aurora\Math\Vectors\Vector4D.h">
      <Filter>Header Files</Filter>
    </ClInclude>
    <ClInclude Include="Source Code\Aurora\Math\Vectors\EmulatedVector3D.h">
      <Filter>Header Files</Filter>
    </ClInclude>
    <ClInclude Include="Source Code\Aurora\Math\Matrices\Matrix2D.h">
      <Filter>Header Files</Filter>
    </ClInclude>
    <ClInclude Include="Source Code\Aurora\Math\Matrices\Matrix3D.h">
      <Filter>Header Files</Filter>
    </ClInclude>
    <ClInclude Include="Source Code\Aurora\Math\Matrices\Matrix4D.h">
      <Filter>Header Files</Filter>
    </ClInclude>
    <ClInclude Include="Source Code\Aurora\Math\BoundingVolumes\AxisAlignedBoundingBox.h">
      <Filter>Header Files</Filter>
    </ClInclude>
    <ClInclude Include="Source Code\Aurora\Math\BoundingVolumes\BoundingVolumesOperations.h">
      <Filter>Header Files</Filter>
    </ClInclude>
    <ClInclude Include="Source Code\Aurora\Math\CollisionDetection\CollisionDetectionOperations.h">
      <Filter>Header Files</Filter>
    </ClInclude>
    <ClInclude Include="Source Code\Aurora\Math\CollisionDetection\ContainmentTests.h">
      <Filter>Header Files</Filter>
    </ClInclude>
    <ClInclude Include="Source Code\Aurora\Math\CollisionDetection\IntersectionTests.h">
      <Filter>Header Files</Filter>
    </ClInclude>
    <ClInclude Include="Source Code\Aurora\Math\DataTypes\Interval.h">
      <Filter>Header Files</Filter>
    </ClInclude>
    <ClInclude Include="Source Code\Aurora\Math\DataTypes\RECT.h">
      <Filter>Header Files</Filter>
    </ClInclude>
    <ClInclude Include="Source Code\Aurora\Math\DataTypes\QUATERNION4D.h">
      <Filter>Header Files</Filter>
    </ClInclude>
    <ClInclude Include="Source Code\Aurora\Math\DataTypes\Rectangle.h">
      <Filter>Header Files</Filter>
    </ClInclude>
    <ClInclude Include="Source Code\Aurora\Math\DataTypes\DataTypesOperations.h">
      <Filter>Header Files</Filter>
    </ClInclude>
    <ClInclude Include="Source Code\Aurora\Math\DataTypes\MathDataTypes.h">
      <Filter>Header Files</Filter>
    </ClInclude>
    <ClInclude Include="Source Code\Aurora\Math\Polygons\PolygonsOperations.h">
      <Filter>Header Files</Filter>
    </ClInclude>
    <ClInclude Include="Source Code\Aurora\Math\Polygons\EarClipping.h">
      <Filter>Header Files</Filter>
    </ClInclude>
    <ClInclude Include="Source Code\Aurora\Math\Polygons\EarClippingOnEllipsoid.h">
      <Filter>Header Files</Filter>
    </ClInclude>
    <ClInclude Include="Source Code\Aurora\Math\Polygons\IndexedVector.h">
      <Filter>Header Files</Filter>
    </ClInclude>
    <ClInclude Include="Source Code\Aurora\Math\Polygons\SimplePolygonAlgorithms.h">
      <Filter>Header Files</Filter>
    </ClInclude>
    <ClInclude Include="Source Code\Aurora\Math\Polygons\TriangleMeshSubdivision.h">
      <Filter>Header Files</Filter>
    </ClInclude>
    <ClInclude Include="Source Code\Aurora\Math\Polygons\TriangleMeshSubdivisionResult.h">
      <Filter>Header Files</Filter>
    </ClInclude>
    <ClInclude Include="Source Code\Aurora\Math\Shapefile\PointShape.h">
      <Filter>Header Files</Filter>
    </ClInclude>
    <ClInclude Include="Source Code\Aurora\Math\Shapefile\PolylineShape.h">
      <Filter>Header Files</Filter>
    </ClInclude>
    <ClInclude Include="Source Code\Aurora\Math\Shapefile\Shape.h">
      <Filter>Header Files</Filter>
    </ClInclude>
    <ClInclude Include="Source Code\Aurora\Math\Shapefile\ShapefilePolygon.h">
      <Filter>Header Files</Filter>
    </ClInclude>
    <ClInclude Include="Source Code\Aurora\Math\Shapefile\ShapePart.h">
      <Filter>Header Files</Filter>
    </ClInclude>
    <ClInclude Include="Source Code\Aurora\Math\Shapefile\ShapeType.h">
      <Filter>Header Files</Filter>
    </ClInclude>
    <ClInclude Include="Source Code\Aurora\Math\Shapefile\Shapefile.h">
      <Filter>Header Files</Filter>
    </ClInclude>
    <ClInclude Include="Source Code\Aurora\Math\Tessellation\BoxTessellator.h">
      <Filter>Header Files</Filter>
    </ClInclude>
    <ClInclude Include="Source Code\Aurora\Math\Tessellation\CubeMapEllipsoidTessellator.h">
      <Filter>Header Files</Filter>
    </ClInclude>
    <ClInclude Include="Source Code\Aurora\Math\Tessellation\GeographicGridEllipsoidTessellator.h">
      <Filter>Header Files</Filter>
    </ClInclude>
    <ClInclude Include="Source Code\Aurora\Math\Tessellation\RectangleTessellator.h">
      <Filter>Header Files</Filter>
    </ClInclude>
    <ClInclude Include="Source Code\Aurora\Math\Tessellation\SubdivisionEllipsoidTessellator.h">
      <Filter>Header Files</Filter>
    </ClInclude>
    <ClInclude Include="Source Code\Aurora\Math\Tessellation\SubdivisionSphereTessellator.h">
      <Filter>Header Files</Filter>
    </ClInclude>
    <ClInclude Include="Source Code\Aurora\Math\Tessellation\SubdivisionSphereTessellatorSimple.h">
      <Filter>Header Files</Filter>
    </ClInclude>
    <ClInclude Include="Source Code\Aurora\Math\Tessellation\SubdivisionUtility.h">
      <Filter>Header Files</Filter>
    </ClInclude>
    <ClInclude Include="Source Code\Aurora\Globals\DynamicArray.h">
      <Filter>Header Files</Filter>
    </ClInclude>
  </ItemGroup>
  <ItemGroup>
    <ClCompile Include="Source Code\Aurora\Errors\ErrorMessages.cpp">
      <Filter>Source Files</Filter>
    </ClCompile>
    <ClCompile Include="Source Code\Aurora\Globals\GlobalOperations.cpp">
      <Filter>Source Files</Filter>
    </ClCompile>
    <ClCompile Include="Source Code\Aurora\Math\MathOperations.cpp">
      <Filter>Source Files</Filter>
    </ClCompile>
    <ClCompile Include="Source Code\Aurora\Models\ModelDefines.cpp">
      <Filter>Source Files</Filter>
    </ClCompile>
    <ClCompile Include="Source Code\Aurora\Models\ModelLoad.cpp">
      <Filter>Source Files</Filter>
    </ClCompile>
    <ClCompile Include="Source Code\Aurora\Models\Transformations.cpp">
      <Filter>Source Files</Filter>
    </ClCompile>
    <ClCompile Include="Source Code\Aurora\Physics\BaseClasses\ForceBase.cpp">
      <Filter>Source Files</Filter>
    </ClCompile>
    <ClCompile Include="Source Code\Aurora\Physics\BaseClasses\PhysicsBase.cpp">
      <Filter>Source Files</Filter>
    </ClCompile>
    <ClCompile Include="Source Code\Aurora\Physics\Common\CommonCalculations.cpp">
      <Filter>Source Files</Filter>
    </ClCompile>
    <ClCompile Include="Source Code\Aurora\Physics\Common\FrictionCalculations.cpp">
      <Filter>Source Files</Filter>
    </ClCompile>
    <ClCompile Include="Source Code\Aurora\Physics\Common\PhysicsConstants.cpp">
      <Filter>Source Files</Filter>
    </ClCompile>
    <ClCompile Include="Source Code\Aurora\Physics\Implementations\Force.cpp">
      <Filter>Source Files</Filter>
    </ClCompile>
    <ClCompile Include="Source Code\Aurora\Physics\Implementations\PhysicsCalculator.cpp">
      <Filter>Source Files</Filter>
    </ClCompile>
    <ClCompile Include="Source Code\Aurora\Physics\Implementors\IPhysicsImplementor.cpp">
      <Filter>Source Files</Filter>
    </ClCompile>
    <ClCompile Include="Source Code\Aurora\Physics\Representations\IPhysicsForceRepresentationBase.cpp">
      <Filter>Source Files</Filter>
    </ClCompile>
    <ClCompile Include="Source Code\Aurora\Physics\Representations\IPhysicsRepresentationBase.cpp">
      <Filter>Source Files</Filter>
    </ClCompile>
    <ClCompile Include="Source Code\Aurora\Physics\Representations\Liquid.cpp">
      <Filter>Source Files</Filter>
    </ClCompile>
    <ClCompile Include="Source Code\Aurora\Random\BaseClasses\ObjectBase.cpp">
      <Filter>Source Files</Filter>
    </ClCompile>
    <ClCompile Include="Source Code\Aurora\Random\BaseClasses\RandomBase.cpp">
      <Filter>Source Files</Filter>
    </ClCompile>
    <ClCompile Include="Source Code\Aurora\Random\Implementations\Mover.cpp">
      <Filter>Source Files</Filter>
    </ClCompile>
    <ClCompile Include="Source Code\Aurora\Random\Implementations\Oscillator.cpp">
      <Filter>Source Files</Filter>
    </ClCompile>
    <ClCompile Include="Source Code\Aurora\Random\Implementations\Walker.cpp">
      <Filter>Source Files</Filter>
    </ClCompile>
    <ClCompile Include="Source Code\Perlin Noise\noise\src\model\cylinder.cpp">
      <Filter>Source Files</Filter>
    </ClCompile>
    <ClCompile Include="Source Code\Perlin Noise\noise\src\model\line.cpp">
      <Filter>Source Files</Filter>
    </ClCompile>
    <ClCompile Include="Source Code\Perlin Noise\noise\src\model\plane.cpp">
      <Filter>Source Files</Filter>
    </ClCompile>
    <ClCompile Include="Source Code\Perlin Noise\noise\src\model\sphere.cpp">
      <Filter>Source Files</Filter>
    </ClCompile>
    <ClCompile Include="Source Code\Perlin Noise\noise\src\module\abs.cpp">
      <Filter>Source Files</Filter>
    </ClCompile>
    <ClCompile Include="Source Code\Perlin Noise\noise\src\module\add.cpp">
      <Filter>Source Files</Filter>
    </ClCompile>
    <ClCompile Include="Source Code\Perlin Noise\noise\src\module\billow.cpp">
      <Filter>Source Files</Filter>
    </ClCompile>
    <ClCompile Include="Source Code\Perlin Noise\noise\src\module\blend.cpp">
      <Filter>Source Files</Filter>
    </ClCompile>
    <ClCompile Include="Source Code\Perlin Noise\noise\src\module\cache.cpp">
      <Filter>Source Files</Filter>
    </ClCompile>
    <ClCompile Include="Source Code\Perlin Noise\noise\src\module\checkerboard.cpp">
      <Filter>Source Files</Filter>
    </ClCompile>
    <ClCompile Include="Source Code\Perlin Noise\noise\src\module\clamp.cpp">
      <Filter>Source Files</Filter>
    </ClCompile>
    <ClCompile Include="Source Code\Perlin Noise\noise\src\module\const.cpp">
      <Filter>Source Files</Filter>
    </ClCompile>
    <ClCompile Include="Source Code\Perlin Noise\noise\src\module\curve.cpp">
      <Filter>Source Files</Filter>
    </ClCompile>
    <ClCompile Include="Source Code\Perlin Noise\noise\src\module\cylinders.cpp">
      <Filter>Source Files</Filter>
    </ClCompile>
    <ClCompile Include="Source Code\Perlin Noise\noise\src\module\displace.cpp">
      <Filter>Source Files</Filter>
    </ClCompile>
    <ClCompile Include="Source Code\Perlin Noise\noise\src\module\exponent.cpp">
      <Filter>Source Files</Filter>
    </ClCompile>
    <ClCompile Include="Source Code\Perlin Noise\noise\src\module\invert.cpp">
      <Filter>Source Files</Filter>
    </ClCompile>
    <ClCompile Include="Source Code\Perlin Noise\noise\src\module\max.cpp">
      <Filter>Source Files</Filter>
    </ClCompile>
    <ClCompile Include="Source Code\Perlin Noise\noise\src\module\min.cpp">
      <Filter>Source Files</Filter>
    </ClCompile>
    <ClCompile Include="Source Code\Perlin Noise\noise\src\module\modulebase.cpp">
      <Filter>Source Files</Filter>
    </ClCompile>
    <ClCompile Include="Source Code\Perlin Noise\noise\src\module\multiply.cpp">
      <Filter>Source Files</Filter>
    </ClCompile>
    <ClCompile Include="Source Code\Perlin Noise\noise\src\module\perlin.cpp">
      <Filter>Source Files</Filter>
    </ClCompile>
    <ClCompile Include="Source Code\Perlin Noise\noise\src\module\power.cpp">
      <Filter>Source Files</Filter>
    </ClCompile>
    <ClCompile Include="Source Code\Perlin Noise\noise\src\module\ridgedmulti.cpp">
      <Filter>Source Files</Filter>
    </ClCompile>
    <ClCompile Include="Source Code\Perlin Noise\noise\src\module\rotatepoint.cpp">
      <Filter>Source Files</Filter>
    </ClCompile>
    <ClCompile Include="Source Code\Perlin Noise\noise\src\module\scalebias.cpp">
      <Filter>Source Files</Filter>
    </ClCompile>
    <ClCompile Include="Source Code\Perlin Noise\noise\src\module\scalepoint.cpp">
      <Filter>Source Files</Filter>
    </ClCompile>
    <ClCompile Include="Source Code\Perlin Noise\noise\src\module\select.cpp">
      <Filter>Source Files</Filter>
    </ClCompile>
    <ClCompile Include="Source Code\Perlin Noise\noise\src\module\spheres.cpp">
      <Filter>Source Files</Filter>
    </ClCompile>
    <ClCompile Include="Source Code\Perlin Noise\noise\src\module\terrace.cpp">
      <Filter>Source Files</Filter>
    </ClCompile>
    <ClCompile Include="Source Code\Perlin Noise\noise\src\module\translatepoint.cpp">
      <Filter>Source Files</Filter>
    </ClCompile>
    <ClCompile Include="Source Code\Perlin Noise\noise\src\module\turbulence.cpp">
      <Filter>Source Files</Filter>
    </ClCompile>
    <ClCompile Include="Source Code\Perlin Noise\noise\src\module\voronoi.cpp">
      <Filter>Source Files</Filter>
    </ClCompile>
    <ClCompile Include="Source Code\Perlin Noise\noise\src\win32\dllmain.cpp">
      <Filter>Source Files</Filter>
    </ClCompile>
    <ClCompile Include="Source Code\Perlin Noise\noise\src\latlon.cpp">
      <Filter>Source Files</Filter>
    </ClCompile>
    <ClCompile Include="Source Code\Perlin Noise\noise\src\noisegen.cpp">
      <Filter>Source Files</Filter>
    </ClCompile>
    <ClCompile Include="main.cpp">
      <Filter>Source Files</Filter>
    </ClCompile>
    <ClCompile Include="Source Code\Aurora\Math\Globe\Geodetic2D.cpp">
      <Filter>Source Files</Filter>
    </ClCompile>
    <ClCompile Include="Source Code\Aurora\Math\Globe\Geodetic3D.cpp">
      <Filter>Source Files</Filter>
    </ClCompile>
    <ClCompile Include="Source Code\Aurora\Math\Globe\GlobeOperations.cpp">
      <Filter>Source Files</Filter>
    </ClCompile>
    <ClCompile Include="Source Code\Aurora\Math\Globe\Trig.cpp">
      <Filter>Source Files</Filter>
    </ClCompile>
    <ClCompile Include="Source Code\Aurora\Math\Globe\GeodeticExtent.cpp">
      <Filter>Source Files</Filter>
    </ClCompile>
    <ClCompile Include="Source Code\Aurora\Renderer\Device.cpp">
      <Filter>Source Files</Filter>
    </ClCompile>
    <ClCompile Include="Source Code\Aurora\Renderer\Context.cpp">
      <Filter>Source Files</Filter>
    </ClCompile>
    <ClCompile Include="Source Code\Aurora\IO\Bitmap.cpp">
      <Filter>Source Files</Filter>
    </ClCompile>
    <ClCompile Include="Source Code\Aurora\Math\Geometry\Ellipsoid.cpp">
      <Filter>Source Files</Filter>
    </ClCompile>
    <ClCompile Include="Source Code\Aurora\Math\DataTypes\MathDataTypes.cpp">
      <Filter>Source Files</Filter>
    </ClCompile>
  </ItemGroup>
  <ItemGroup>
    <None Include="Source Code\Perlin Noise\noise\doc\html\abs_8h-source.html" />
    <None Include="Source Code\Perlin Noise\noise\doc\html\add_8h-source.html" />
    <None Include="Source Code\Perlin Noise\noise\doc\html\annotated.html" />
    <None Include="Source Code\Perlin Noise\noise\doc\html\basictypes_8h-source.html" />
    <None Include="Source Code\Perlin Noise\noise\doc\html\billow_8h-source.html" />
    <None Include="Source Code\Perlin Noise\noise\doc\html\blend_8h-source.html" />
    <None Include="Source Code\Perlin Noise\noise\doc\html\cache_8h-source.html" />
    <None Include="Source Code\Perlin Noise\noise\doc\html\checkerboard_8h-source.html" />
    <None Include="Source Code\Perlin Noise\noise\doc\html\clamp_8h-source.html" />
    <None Include="Source Code\Perlin Noise\noise\doc\html\classnoise_1_1Exception.html" />
    <None Include="Source Code\Perlin Noise\noise\doc\html\classnoise_1_1ExceptionInvalidParam.html" />
    <None Include="Source Code\Perlin Noise\noise\doc\html\classnoise_1_1ExceptionNoModule.html" />
    <None Include="Source Code\Perlin Noise\noise\doc\html\classnoise_1_1ExceptionOutOfMemory.html" />
    <None Include="Source Code\Perlin Noise\noise\doc\html\classnoise_1_1ExceptionUnknown.html" />
    <None Include="Source Code\Perlin Noise\noise\doc\html\classnoise_1_1model_1_1Cylinder.html" />
    <None Include="Source Code\Perlin Noise\noise\doc\html\classnoise_1_1model_1_1Cylinder-members.html" />
    <None Include="Source Code\Perlin Noise\noise\doc\html\classnoise_1_1model_1_1Line.html" />
    <None Include="Source Code\Perlin Noise\noise\doc\html\classnoise_1_1model_1_1Line-members.html" />
    <None Include="Source Code\Perlin Noise\noise\doc\html\classnoise_1_1model_1_1Plane.html" />
    <None Include="Source Code\Perlin Noise\noise\doc\html\classnoise_1_1model_1_1Plane-members.html" />
    <None Include="Source Code\Perlin Noise\noise\doc\html\classnoise_1_1model_1_1Sphere.html" />
    <None Include="Source Code\Perlin Noise\noise\doc\html\classnoise_1_1model_1_1Sphere-members.html" />
    <None Include="Source Code\Perlin Noise\noise\doc\html\classnoise_1_1module_1_1Abs.html" />
    <None Include="Source Code\Perlin Noise\noise\doc\html\classnoise_1_1module_1_1Abs-members.html" />
    <None Include="Source Code\Perlin Noise\noise\doc\html\classnoise_1_1module_1_1Add.html" />
    <None Include="Source Code\Perlin Noise\noise\doc\html\classnoise_1_1module_1_1Add-members.html" />
    <None Include="Source Code\Perlin Noise\noise\doc\html\classnoise_1_1module_1_1Billow.html" />
    <None Include="Source Code\Perlin Noise\noise\doc\html\classnoise_1_1module_1_1Billow-members.html" />
    <None Include="Source Code\Perlin Noise\noise\doc\html\classnoise_1_1module_1_1Blend.html" />
    <None Include="Source Code\Perlin Noise\noise\doc\html\classnoise_1_1module_1_1Blend-members.html" />
    <None Include="Source Code\Perlin Noise\noise\doc\html\classnoise_1_1module_1_1Cache.html" />
    <None Include="Source Code\Perlin Noise\noise\doc\html\classnoise_1_1module_1_1Cache-members.html" />
    <None Include="Source Code\Perlin Noise\noise\doc\html\classnoise_1_1module_1_1Checkerboard.html" />
    <None Include="Source Code\Perlin Noise\noise\doc\html\classnoise_1_1module_1_1Checkerboard-members.html" />
    <None Include="Source Code\Perlin Noise\noise\doc\html\classnoise_1_1module_1_1Clamp.html" />
    <None Include="Source Code\Perlin Noise\noise\doc\html\classnoise_1_1module_1_1Clamp-members.html" />
    <None Include="Source Code\Perlin Noise\noise\doc\html\classnoise_1_1module_1_1Const.html" />
    <None Include="Source Code\Perlin Noise\noise\doc\html\classnoise_1_1module_1_1Const-members.html" />
    <None Include="Source Code\Perlin Noise\noise\doc\html\classnoise_1_1module_1_1Curve.html" />
    <None Include="Source Code\Perlin Noise\noise\doc\html\classnoise_1_1module_1_1Curve-members.html" />
    <None Include="Source Code\Perlin Noise\noise\doc\html\classnoise_1_1module_1_1Cylinders.html" />
    <None Include="Source Code\Perlin Noise\noise\doc\html\classnoise_1_1module_1_1Cylinders-members.html" />
    <None Include="Source Code\Perlin Noise\noise\doc\html\classnoise_1_1module_1_1Displace.html" />
    <None Include="Source Code\Perlin Noise\noise\doc\html\classnoise_1_1module_1_1Displace-members.html" />
    <None Include="Source Code\Perlin Noise\noise\doc\html\classnoise_1_1module_1_1Exponent.html" />
    <None Include="Source Code\Perlin Noise\noise\doc\html\classnoise_1_1module_1_1Exponent-members.html" />
    <None Include="Source Code\Perlin Noise\noise\doc\html\classnoise_1_1module_1_1Invert.html" />
    <None Include="Source Code\Perlin Noise\noise\doc\html\classnoise_1_1module_1_1Invert-members.html" />
    <None Include="Source Code\Perlin Noise\noise\doc\html\classnoise_1_1module_1_1Max.html" />
    <None Include="Source Code\Perlin Noise\noise\doc\html\classnoise_1_1module_1_1Max-members.html" />
    <None Include="Source Code\Perlin Noise\noise\doc\html\classnoise_1_1module_1_1Min.html" />
    <None Include="Source Code\Perlin Noise\noise\doc\html\classnoise_1_1module_1_1Min-members.html" />
    <None Include="Source Code\Perlin Noise\noise\doc\html\classnoise_1_1module_1_1Module.html" />
    <None Include="Source Code\Perlin Noise\noise\doc\html\classnoise_1_1module_1_1Module-members.html" />
    <None Include="Source Code\Perlin Noise\noise\doc\html\classnoise_1_1module_1_1Multiply.html" />
    <None Include="Source Code\Perlin Noise\noise\doc\html\classnoise_1_1module_1_1Multiply-members.html" />
    <None Include="Source Code\Perlin Noise\noise\doc\html\classnoise_1_1module_1_1Perlin.html" />
    <None Include="Source Code\Perlin Noise\noise\doc\html\classnoise_1_1module_1_1Perlin-members.html" />
    <None Include="Source Code\Perlin Noise\noise\doc\html\classnoise_1_1module_1_1Power.html" />
    <None Include="Source Code\Perlin Noise\noise\doc\html\classnoise_1_1module_1_1Power-members.html" />
    <None Include="Source Code\Perlin Noise\noise\doc\html\classnoise_1_1module_1_1RidgedMulti.html" />
    <None Include="Source Code\Perlin Noise\noise\doc\html\classnoise_1_1module_1_1RidgedMulti-members.html" />
    <None Include="Source Code\Perlin Noise\noise\doc\html\classnoise_1_1module_1_1RotatePoint.html" />
    <None Include="Source Code\Perlin Noise\noise\doc\html\classnoise_1_1module_1_1RotatePoint-members.html" />
    <None Include="Source Code\Perlin Noise\noise\doc\html\classnoise_1_1module_1_1ScaleBias.html" />
    <None Include="Source Code\Perlin Noise\noise\doc\html\classnoise_1_1module_1_1ScaleBias-members.html" />
    <None Include="Source Code\Perlin Noise\noise\doc\html\classnoise_1_1module_1_1ScalePoint.html" />
    <None Include="Source Code\Perlin Noise\noise\doc\html\classnoise_1_1module_1_1ScalePoint-members.html" />
    <None Include="Source Code\Perlin Noise\noise\doc\html\classnoise_1_1module_1_1Select.html" />
    <None Include="Source Code\Perlin Noise\noise\doc\html\classnoise_1_1module_1_1Select-members.html" />
    <None Include="Source Code\Perlin Noise\noise\doc\html\classnoise_1_1module_1_1Spheres.html" />
    <None Include="Source Code\Perlin Noise\noise\doc\html\classnoise_1_1module_1_1Spheres-members.html" />
    <None Include="Source Code\Perlin Noise\noise\doc\html\classnoise_1_1module_1_1Terrace.html" />
    <None Include="Source Code\Perlin Noise\noise\doc\html\classnoise_1_1module_1_1Terrace-members.html" />
    <None Include="Source Code\Perlin Noise\noise\doc\html\classnoise_1_1module_1_1TranslatePoint.html" />
    <None Include="Source Code\Perlin Noise\noise\doc\html\classnoise_1_1module_1_1TranslatePoint-members.html" />
    <None Include="Source Code\Perlin Noise\noise\doc\html\classnoise_1_1module_1_1Turbulence.html" />
    <None Include="Source Code\Perlin Noise\noise\doc\html\classnoise_1_1module_1_1Turbulence-members.html" />
    <None Include="Source Code\Perlin Noise\noise\doc\html\classnoise_1_1module_1_1Voronoi.html" />
    <None Include="Source Code\Perlin Noise\noise\doc\html\classnoise_1_1module_1_1Voronoi-members.html" />
    <None Include="Source Code\Perlin Noise\noise\doc\html\const_8h-source.html" />
    <None Include="Source Code\Perlin Noise\noise\doc\html\curve_8h-source.html" />
    <None Include="Source Code\Perlin Noise\noise\doc\html\cylinder_8h-source.html" />
    <None Include="Source Code\Perlin Noise\noise\doc\html\cylinders_8h-source.html" />
    <None Include="Source Code\Perlin Noise\noise\doc\html\dir_000000.html" />
    <None Include="Source Code\Perlin Noise\noise\doc\html\dir_000001.html" />
    <None Include="Source Code\Perlin Noise\noise\doc\html\dir_000002.html" />
    <None Include="Source Code\Perlin Noise\noise\doc\html\dir_000003.html" />
    <None Include="Source Code\Perlin Noise\noise\doc\html\displace_8h-source.html" />
    <None Include="Source Code\Perlin Noise\noise\doc\html\exception_8h-source.html" />
    <None Include="Source Code\Perlin Noise\noise\doc\html\exponent_8h-source.html" />
    <None Include="Source Code\Perlin Noise\noise\doc\html\files.html" />
    <None Include="Source Code\Perlin Noise\noise\doc\html\functions.html" />
    <None Include="Source Code\Perlin Noise\noise\doc\html\functions_func.html" />
    <None Include="Source Code\Perlin Noise\noise\doc\html\functions_vars.html" />
    <None Include="Source Code\Perlin Noise\noise\doc\html\group__combinermodules.html" />
    <None Include="Source Code\Perlin Noise\noise\doc\html\group__generatormodules.html" />
    <None Include="Source Code\Perlin Noise\noise\doc\html\group__libnoise.html" />
    <None Include="Source Code\Perlin Noise\noise\doc\html\group__miscmodules.html" />
    <None Include="Source Code\Perlin Noise\noise\doc\html\group__models.html" />
    <None Include="Source Code\Perlin Noise\noise\doc\html\group__modifiermodules.html" />
    <None Include="Source Code\Perlin Noise\noise\doc\html\group__modules.html" />
    <None Include="Source Code\Perlin Noise\noise\doc\html\group__selectormodules.html" />
    <None Include="Source Code\Perlin Noise\noise\doc\html\group__transformermodules.html" />
    <None Include="Source Code\Perlin Noise\noise\doc\html\hierarchy.html" />
    <None Include="Source Code\Perlin Noise\noise\doc\html\index.html" />
    <None Include="Source Code\Perlin Noise\noise\doc\html\interp_8h-source.html" />
    <None Include="Source Code\Perlin Noise\noise\doc\html\invert_8h-source.html" />
    <None Include="Source Code\Perlin Noise\noise\doc\html\latlon_8h-source.html" />
    <None Include="Source Code\Perlin Noise\noise\doc\html\line_8h-source.html" />
    <None Include="Source Code\Perlin Noise\noise\doc\html\mathconsts_8h-source.html" />
    <None Include="Source Code\Perlin Noise\noise\doc\html\max_8h-source.html" />
    <None Include="Source Code\Perlin Noise\noise\doc\html\min_8h-source.html" />
    <None Include="Source Code\Perlin Noise\noise\doc\html\misc_8h-source.html" />
    <None Include="Source Code\Perlin Noise\noise\doc\html\model_8h-source.html" />
    <None Include="Source Code\Perlin Noise\noise\doc\html\module_8h-source.html" />
    <None Include="Source Code\Perlin Noise\noise\doc\html\modulebase_8h-source.html" />
    <None Include="Source Code\Perlin Noise\noise\doc\html\modules.html" />
    <None Include="Source Code\Perlin Noise\noise\doc\html\multiply_8h-source.html" />
    <None Include="Source Code\Perlin Noise\noise\doc\html\noise_8h-source.html" />
    <None Include="Source Code\Perlin Noise\noise\doc\html\noisegen_8h-source.html" />
    <None Include="Source Code\Perlin Noise\noise\doc\html\perlin_8h-source.html" />
    <None Include="Source Code\Perlin Noise\noise\doc\html\plane_8h-source.html" />
    <None Include="Source Code\Perlin Noise\noise\doc\html\power_8h-source.html" />
    <None Include="Source Code\Perlin Noise\noise\doc\html\resource_8h-source.html" />
    <None Include="Source Code\Perlin Noise\noise\doc\html\ridgedmulti_8h-source.html" />
    <None Include="Source Code\Perlin Noise\noise\doc\html\rotatepoint_8h-source.html" />
    <None Include="Source Code\Perlin Noise\noise\doc\html\scalebias_8h-source.html" />
    <None Include="Source Code\Perlin Noise\noise\doc\html\scalepoint_8h-source.html" />
    <None Include="Source Code\Perlin Noise\noise\doc\html\select_8h-source.html" />
    <None Include="Source Code\Perlin Noise\noise\doc\html\sphere_8h-source.html" />
    <None Include="Source Code\Perlin Noise\noise\doc\html\spheres_8h-source.html" />
    <None Include="Source Code\Perlin Noise\noise\doc\html\structnoise_1_1module_1_1ControlPoint.html" />
    <None Include="Source Code\Perlin Noise\noise\doc\html\structnoise_1_1module_1_1ControlPoint-members.html" />
    <None Include="Source Code\Perlin Noise\noise\doc\html\terrace_8h-source.html" />
    <None Include="Source Code\Perlin Noise\noise\doc\html\translatepoint_8h-source.html" />
    <None Include="Source Code\Perlin Noise\noise\doc\html\turbulence_8h-source.html" />
    <None Include="Source Code\Perlin Noise\noise\doc\html\vectortable_8h-source.html" />
    <None Include="Source Code\Perlin Noise\noise\doc\html\voronoi_8h-source.html" />
    <None Include="Source Code\Perlin Noise\noise\doc\htmldata\templatefooter.html" />
    <None Include="Source Code\Perlin Noise\noise\doc\htmldata\templateheader.html" />
    <None Include="Source Code\Perlin Noise\noise\src\win32\libnoise.def">
      <Filter>Source Files</Filter>
    </None>
    <None Include="Source Code\Perlin Noise\noise\UpgradeLog.htm" />
    <None Include="packages.config" />
    <None Include="Libraries\glfw3.dll" />
    <None Include="Libraries\glew32.dll" />
  </ItemGroup>
  <ItemGroup>
    <ResourceCompile Include="Source Code\Perlin Noise\noise\src\win32\noise.rc">
      <Filter>Resource Files</Filter>
    </ResourceCompile>
  </ItemGroup>
  <ItemGroup>
    <Library Include="Libraries\glfw3.lib" />
    <Library Include="Libraries\glew32.lib" />
    <Library Include="Libraries\glfw3dll.lib" />
  </ItemGroup>
</Project>